
Microsoft Visual Studio Solution File, Format Version 12.00
# Visual Studio Version 16
VisualStudioVersion = 16.0.31313.79
MinimumVisualStudioVersion = 10.0.40219.1
Project("{FAE04EC0-301F-11D3-BF4B-00C04F79EFBC}") = "MedicalPurpose.API", "MedicalPurpose.API\MedicalPurpose.API.csproj", "{70D030D9-9E94-4611-8605-6D82DEF5C415}"
EndProject
Project("{FAE04EC0-301F-11D3-BF4B-00C04F79EFBC}") = "MedicalPurpose.DAL", "MedicalPurpose.DAL\MedicalPurpose.DAL.csproj", "{2E69FE7F-11E2-4559-A228-7BB7F5236242}"
EndProject
Project("{FAE04EC0-301F-11D3-BF4B-00C04F79EFBC}") = "MedicalPurpose.BLL", "MedicalPurpose.BLL\MedicalPurpose.BLL.csproj", "{24C55565-45F7-42F4-A6BC-F656D89CB631}"
EndProject
Project("{FAE04EC0-301F-11D3-BF4B-00C04F79EFBC}") = "MedicalPurpose.Auth.Common", "MedicalPurpose.Auth.Common\MedicalPurpose.Auth.Common.csproj", "{15B20816-79C2-4584-9825-080E5BB1F67F}"
EndProject
Project("{FAE04EC0-301F-11D3-BF4B-00C04F79EFBC}") = "MedicalPurpose.Auth.API", "MedicalPurpose.Auth.API\MedicalPurpose.Auth.API.csproj", "{AA369935-29DE-4AB5-B3B9-9FC87DF311D0}"
EndProject
Global
	GlobalSection(SolutionConfigurationPlatforms) = preSolution
		Debug|Any CPU = Debug|Any CPU
		Release|Any CPU = Release|Any CPU
	EndGlobalSection
	GlobalSection(ProjectConfigurationPlatforms) = postSolution
		{70D030D9-9E94-4611-8605-6D82DEF5C415}.Debug|Any CPU.ActiveCfg = Debug|Any CPU
		{70D030D9-9E94-4611-8605-6D82DEF5C415}.Debug|Any CPU.Build.0 = Debug|Any CPU
		{70D030D9-9E94-4611-8605-6D82DEF5C415}.Release|Any CPU.ActiveCfg = Release|Any CPU
		{70D030D9-9E94-4611-8605-6D82DEF5C415}.Release|Any CPU.Build.0 = Release|Any CPU
		{2E69FE7F-11E2-4559-A228-7BB7F5236242}.Debug|Any CPU.ActiveCfg = Debug|Any CPU
		{2E69FE7F-11E2-4559-A228-7BB7F5236242}.Debug|Any CPU.Build.0 = Debug|Any CPU
		{2E69FE7F-11E2-4559-A228-7BB7F5236242}.Release|Any CPU.ActiveCfg = Release|Any CPU
		{2E69FE7F-11E2-4559-A228-7BB7F5236242}.Release|Any CPU.Build.0 = Release|Any CPU
		{24C55565-45F7-42F4-A6BC-F656D89CB631}.Debug|Any CPU.ActiveCfg = Debug|Any CPU
		{24C55565-45F7-42F4-A6BC-F656D89CB631}.Debug|Any CPU.Build.0 = Debug|Any CPU
		{24C55565-45F7-42F4-A6BC-F656D89CB631}.Release|Any CPU.ActiveCfg = Release|Any CPU
		{24C55565-45F7-42F4-A6BC-F656D89CB631}.Release|Any CPU.Build.0 = Release|Any CPU
		{15B20816-79C2-4584-9825-080E5BB1F67F}.Debug|Any CPU.ActiveCfg = Debug|Any CPU
		{15B20816-79C2-4584-9825-080E5BB1F67F}.Debug|Any CPU.Build.0 = Debug|Any CPU
		{15B20816-79C2-4584-9825-080E5BB1F67F}.Release|Any CPU.ActiveCfg = Release|Any CPU
		{15B20816-79C2-4584-9825-080E5BB1F67F}.Release|Any CPU.Build.0 = Release|Any CPU
		{AA369935-29DE-4AB5-B3B9-9FC87DF311D0}.Debug|Any CPU.ActiveCfg = Debug|Any CPU
		{AA369935-29DE-4AB5-B3B9-9FC87DF311D0}.Debug|Any CPU.Build.0 = Debug|Any CPU
		{AA369935-29DE-4AB5-B3B9-9FC87DF311D0}.Release|Any CPU.ActiveCfg = Release|Any CPU
		{AA369935-29DE-4AB5-B3B9-9FC87DF311D0}.Release|Any CPU.Build.0 = Release|Any CPU
	EndGlobalSection
	GlobalSection(SolutionProperties) = preSolution
		HideSolutionNode = FALSE
	EndGlobalSection
	GlobalSection(ExtensibilityGlobals) = postSolution
		SolutionGuid = {08A3F256-E3D6-4E9C-96B9-D9FDA996A0A1}
	EndGlobalSection
EndGlobal
